// !$*UTF8*$!
{
	archiveVersion = 1;
	classes = {
	};
	objectVersion = 110;
	objects = {

/* Begin PBXBuildFile section */
		000000000000000000002001 /* AWConstants.swift in Sources */ = {isa = PBXBuildFile; fileRef = 000000000000000000001001 /* AWConstants.swift */; };
		000000000000000000002002 /* Element.swift in Sources */ = {isa = PBXBuildFile; fileRef = 000000000000000000001002 /* Element.swift */; };
		000000000000000000002003 /* MapFileCodec.swift in Sources */ = {isa = PBXBuildFile; fileRef = 000000000000000000001003 /* MapFileCodec.swift */; };
		000000000000000000002004 /* MapFragment.swift in Sources */ = {isa = PBXBuildFile; fileRef = 000000000000000000001004 /* MapFragment.swift */; };
		000000000000000000002005 /* MapState.swift in Sources */ = {isa = PBXBuildFile; fileRef = 000000000000000000001005 /* MapState.swift */; };
		000000000000000000002010 /* AWEDApp.swift in Sources */ = {isa = PBXBuildFile; fileRef = 000000000000000000001010 /* AWEDApp.swift */; };
		000000000000000000002011 /* AWEDCommands.swift in Sources */ = {isa = PBXBuildFile; fileRef = 000000000000000000001011 /* AWEDCommands.swift */; };
		000000000000000000002012 /* BackgroundMusic.swift in Sources */ = {isa = PBXBuildFile; fileRef = 000000000000000000001012 /* BackgroundMusic.swift */; };
		G10000000000000000000001 /* PlaytestMusic.swift in Sources */ = {isa = PBXBuildFile; fileRef = G20000000000000000000001 /* PlaytestMusic.swift */; };
		000000000000000000002013 /* ContentView.swift in Sources */ = {isa = PBXBuildFile; fileRef = 000000000000000000001013 /* ContentView.swift */; };
		000000000000000000002014 /* CursorAtlas.swift in Sources */ = {isa = PBXBuildFile; fileRef = 000000000000000000001014 /* CursorAtlas.swift */; };
		000000000000000000002015 /* DialogViews.swift in Sources */ = {isa = PBXBuildFile; fileRef = 000000000000000000001015 /* DialogViews.swift */; };
		000000000000000000002016 /* EditorModel.swift in Sources */ = {isa = PBXBuildFile; fileRef = 000000000000000000001016 /* EditorModel.swift */; };
		000000000000000000002017 /* EditorPreferences.swift in Sources */ = {isa = PBXBuildFile; fileRef = 000000000000000000001017 /* EditorPreferences.swift */; };
		000000000000000000002018 /* EditorToolbar.swift in Sources */ = {isa = PBXBuildFile; fileRef = 000000000000000000001018 /* EditorToolbar.swift */; };
		000000000000000000002019 /* EditorTypes.swift in Sources */ = {isa = PBXBuildFile; fileRef = 000000000000000000001019 /* EditorTypes.swift */; };
		00000000000000000000201A /* FilePanelService.swift in Sources */ = {isa = PBXBuildFile; fileRef = 00000000000000000000101A /* FilePanelService.swift */; };
		00000000000000000000201B /* MapCanvasInput.swift in Sources */ = {isa = PBXBuildFile; fileRef = 00000000000000000000101B /* MapCanvasInput.swift */; };
		00000000000000000000201C /* MapCanvasView.swift in Sources */ = {isa = PBXBuildFile; fileRef = 00000000000000000000101C /* MapCanvasView.swift */; };
		00000000000000000000201D /* PaletteCatalog.swift in Sources */ = {isa = PBXBuildFile; fileRef = 00000000000000000000101D /* PaletteCatalog.swift */; };
		00000000000000000000201E /* PaletteView.swift in Sources */ = {isa = PBXBuildFile; fileRef = 00000000000000000000101E /* PaletteView.swift */; };
		00000000000000000000201F /* SpriteAtlas.swift in Sources */ = {isa = PBXBuildFile; fileRef = 00000000000000000000101F /* SpriteAtlas.swift */; };
		000000000000000000002020 /* StatusBarView.swift in Sources */ = {isa = PBXBuildFile; fileRef = 000000000000000000001020 /* StatusBarView.swift */; };
		000000000000000000002025 /* PrivacyPolicyView.swift in Sources */ = {isa = PBXBuildFile; fileRef = 000000000000000000001025 /* PrivacyPolicyView.swift */; };
		000000000000000000002030 /* MapCoreTests.swift in Sources */ = {isa = PBXBuildFile; fileRef = 000000000000000000001030 /* MapCoreTests.swift */; };
		000000000000000000002040 /* AppIcon.icon in Resources */ = {isa = PBXBuildFile; fileRef = 000000000000000000001040 /* AppIcon.icon */; };
		000000000000000000002050 /* building_0.png in Resources */ = {isa = PBXBuildFile; fileRef = 000000000000000000001050 /* building_0.png */; };
		000000000000000000002051 /* building_1.png in Resources */ = {isa = PBXBuildFile; fileRef = 000000000000000000001051 /* building_1.png */; };
		000000000000000000002052 /* building_2.png in Resources */ = {isa = PBXBuildFile; fileRef = 000000000000000000001052 /* building_2.png */; };
		000000000000000000002053 /* building_3.png in Resources */ = {isa = PBXBuildFile; fileRef = 000000000000000000001053 /* building_3.png */; };
		000000000000000000002054 /* building_4.png in Resources */ = {isa = PBXBuildFile; fileRef = 000000000000000000001054 /* building_4.png */; };
		000000000000000000002055 /* building_5.png in Resources */ = {isa = PBXBuildFile; fileRef = 000000000000000000001055 /* building_5.png */; };
		000000000000000000002056 /* extra_0.png in Resources */ = {isa = PBXBuildFile; fileRef = 000000000000000000001056 /* extra_0.png */; };
		000000000000000000002057 /* extra_1.png in Resources */ = {isa = PBXBuildFile; fileRef = 000000000000000000001057 /* extra_1.png */; };
		000000000000000000002058 /* extra_2.png in Resources */ = {isa = PBXBuildFile; fileRef = 000000000000000000001058 /* extra_2.png */; };
		000000000000000000002059 /* extra_3.png in Resources */ = {isa = PBXBuildFile; fileRef = 000000000000000000001059 /* extra_3.png */; };
		00000000000000000000205A /* extra_4.png in Resources */ = {isa = PBXBuildFile; fileRef = 00000000000000000000105A /* extra_4.png */; };
		00000000000000000000205B /* extra_5.png in Resources */ = {isa = PBXBuildFile; fileRef = 00000000000000000000105B /* extra_5.png */; };
		00000000000000000000205C /* misc_0.png in Resources */ = {isa = PBXBuildFile; fileRef = 00000000000000000000105C /* misc_0.png */; };
		00000000000000000000205D /* misc_4.png in Resources */ = {isa = PBXBuildFile; fileRef = 00000000000000000000105D /* misc_4.png */; };
		00000000000000000000205E /* misc_5.png in Resources */ = {isa = PBXBuildFile; fileRef = 00000000000000000000105E /* misc_5.png */; };
		00000000000000000000209C /* misc_6.png in Resources */ = {isa = PBXBuildFile; fileRef = 0000000000000000000010AC /* misc_6.png */; };
		00000000000000000000209D /* misc_7.png in Resources */ = {isa = PBXBuildFile; fileRef = 0000000000000000000010AD /* misc_7.png */; };
		00000000000000000000209E /* misc_8.png in Resources */ = {isa = PBXBuildFile; fileRef = 0000000000000000000010AE /* misc_8.png */; };
		00000000000000000000209F /* misc_9.png in Resources */ = {isa = PBXBuildFile; fileRef = 0000000000000000000010AF /* misc_9.png */; };
		0000000000000000000020A0 /* misc_10.png in Resources */ = {isa = PBXBuildFile; fileRef = 0000000000000000000010B0 /* misc_10.png */; };
		0000000000000000000020A1 /* misc_11.png in Resources */ = {isa = PBXBuildFile; fileRef = 0000000000000000000010B1 /* misc_11.png */; };
		00000000000000000000205F /* terrain_0.png in Resources */ = {isa = PBXBuildFile; fileRef = 00000000000000000000105F /* terrain_0.png */; };
		000000000000000000002060 /* terrain_1.png in Resources */ = {isa = PBXBuildFile; fileRef = 000000000000000000001060 /* terrain_1.png */; };
		000000000000000000002061 /* terrain_2.png in Resources */ = {isa = PBXBuildFile; fileRef = 000000000000000000001061 /* terrain_2.png */; };
		000000000000000000002062 /* terrain_3.png in Resources */ = {isa = PBXBuildFile; fileRef = 000000000000000000001062 /* terrain_3.png */; };
		000000000000000000002063 /* terrain_4.png in Resources */ = {isa = PBXBuildFile; fileRef = 000000000000000000001063 /* terrain_4.png */; };
		000000000000000000002064 /* terrain_5.png in Resources */ = {isa = PBXBuildFile; fileRef = 000000000000000000001064 /* terrain_5.png */; };
		000000000000000000002065 /* unit_0.png in Resources */ = {isa = PBXBuildFile; fileRef = 000000000000000000001065 /* unit_0.png */; };
		000000000000000000002066 /* unit_1.png in Resources */ = {isa = PBXBuildFile; fileRef = 000000000000000000001066 /* unit_1.png */; };
		000000000000000000002067 /* unit_2.png in Resources */ = {isa = PBXBuildFile; fileRef = 000000000000000000001067 /* unit_2.png */; };
		000000000000000000002068 /* unit_3.png in Resources */ = {isa = PBXBuildFile; fileRef = 000000000000000000001068 /* unit_3.png */; };
		000000000000000000002069 /* unit_4.png in Resources */ = {isa = PBXBuildFile; fileRef = 000000000000000000001069 /* unit_4.png */; };
		00000000000000000000206A /* unit_5.png in Resources */ = {isa = PBXBuildFile; fileRef = 00000000000000000000106A /* unit_5.png */; };
		000000000000000000002073 /* PlaytestView.swift in Sources */ = {isa = PBXBuildFile; fileRef = 000000000000000000001073 /* PlaytestView.swift */; };
		000000000000000000002074 /* PlaytestDualStrikeRules.swift in Sources */ = {isa = PBXBuildFile; fileRef = 000000000000000000001074 /* PlaytestDualStrikeRules.swift */; };
		000000000000000000002075 /* PlaytestRules.swift in Sources */ = {isa = PBXBuildFile; fileRef = 000000000000000000001075 /* PlaytestRules.swift */; };
		000000000000000000002076 /* PlaytestAdvanceWars2Rules.swift in Sources */ = {isa = PBXBuildFile; fileRef = 000000000000000000001076 /* PlaytestAdvanceWars2Rules.swift */; };
		000000000000000000002077 /* PlaytestAdvanceWarsRules.swift in Sources */ = {isa = PBXBuildFile; fileRef = 000000000000000000001077 /* PlaytestAdvanceWarsRules.swift */; };
		000000000000000000002078 /* terrain_aw1_rain.png in Resources */ = {isa = PBXBuildFile; fileRef = 000000000000000000001078 /* terrain_aw1_rain.png */; };
		000000000000000000002079 /* terrain_aw1_snow.png in Resources */ = {isa = PBXBuildFile; fileRef = 000000000000000000001079 /* terrain_aw1_snow.png */; };
		00000000000000000000207A /* terrain_aw2_rain.png in Resources */ = {isa = PBXBuildFile; fileRef = 00000000000000000000107A /* terrain_aw2_rain.png */; };
		00000000000000000000207B /* terrain_aw2_snow.png in Resources */ = {isa = PBXBuildFile; fileRef = 00000000000000000000107B /* terrain_aw2_snow.png */; };
		00000000000000000000207C /* PlaytestWeatherOverlay.swift in Sources */ = {isa = PBXBuildFile; fileRef = 00000000000000000000107C /* PlaytestWeatherOverlay.swift */; };
		000000000000000000002080 /* building_6.png in Resources */ = {isa = PBXBuildFile; fileRef = 000000000000000000001080 /* building_6.png */; };
		000000000000000000002081 /* building_7.png in Resources */ = {isa = PBXBuildFile; fileRef = 000000000000000000001081 /* building_7.png */; };
		000000000000000000002084 /* terrain_6.png in Resources */ = {isa = PBXBuildFile; fileRef = 000000000000000000001084 /* terrain_6.png */; };
		000000000000000000002085 /* terrain_7.png in Resources */ = {isa = PBXBuildFile; fileRef = 000000000000000000001085 /* terrain_7.png */; };
		000000000000000000002086 /* unit_6.png in Resources */ = {isa = PBXBuildFile; fileRef = 000000000000000000001086 /* unit_6.png */; };
		000000000000000000002087 /* unit_7.png in Resources */ = {isa = PBXBuildFile; fileRef = 000000000000000000001087 /* unit_7.png */; };
		000000000000000000002088 /* PlaytestSession.swift in Sources */ = {isa = PBXBuildFile; fileRef = 000000000000000000001092 /* PlaytestSession.swift */; };
		000000000000000000002089 /* PlaytestHeader.swift in Sources */ = {isa = PBXBuildFile; fileRef = 000000000000000000001093 /* PlaytestHeader.swift */; };
		00000000000000000000208A /* PlaytestMapViews.swift in Sources */ = {isa = PBXBuildFile; fileRef = 000000000000000000001094 /* PlaytestMapViews.swift */; };
		00000000000000000000208B /* PlaytestInteractionLayer.swift in Sources */ = {isa = PBXBuildFile; fileRef = 000000000000000000001095 /* PlaytestInteractionLayer.swift */; };
		00000000000000000000208C /* PlaytestInspector.swift in Sources */ = {isa = PBXBuildFile; fileRef = 000000000000000000001096 /* PlaytestInspector.swift */; };
		000000000000000000002090 /* building_8.png in Resources */ = {isa = PBXBuildFile; fileRef = 0000000000000000000010A0 /* building_8.png */; };
		000000000000000000002091 /* building_9.png in Resources */ = {isa = PBXBuildFile; fileRef = 0000000000000000000010A1 /* building_9.png */; };
		000000000000000000002092 /* building_10.png in Resources */ = {isa = PBXBuildFile; fileRef = 0000000000000000000010A2 /* building_10.png */; };
		000000000000000000002093 /* building_11.png in Resources */ = {isa = PBXBuildFile; fileRef = 0000000000000000000010A3 /* building_11.png */; };
		000000000000000000002094 /* terrain_8.png in Resources */ = {isa = PBXBuildFile; fileRef = 0000000000000000000010A4 /* terrain_8.png */; };
		000000000000000000002095 /* terrain_9.png in Resources */ = {isa = PBXBuildFile; fileRef = 0000000000000000000010A5 /* terrain_9.png */; };
		000000000000000000002096 /* terrain_10.png in Resources */ = {isa = PBXBuildFile; fileRef = 0000000000000000000010A6 /* terrain_10.png */; };
		000000000000000000002097 /* terrain_11.png in Resources */ = {isa = PBXBuildFile; fileRef = 0000000000000000000010A7 /* terrain_11.png */; };
		000000000000000000002098 /* unit_8.png in Resources */ = {isa = PBXBuildFile; fileRef = 0000000000000000000010A8 /* unit_8.png */; };
		000000000000000000002099 /* unit_9.png in Resources */ = {isa = PBXBuildFile; fileRef = 0000000000000000000010A9 /* unit_9.png */; };
		00000000000000000000209A /* unit_10.png in Resources */ = {isa = PBXBuildFile; fileRef = 0000000000000000000010AA /* unit_10.png */; };
		00000000000000000000209B /* unit_11.png in Resources */ = {isa = PBXBuildFile; fileRef = 0000000000000000000010AB /* unit_11.png */; };
		67803C6230360302005182A2 /* Assets.xcassets in Resources */ = {isa = PBXBuildFile; fileRef = 67803C6130360302005182A2 /* Assets.xcassets */; };
		67E7C1B6303CE54400966E44 /* PlaytestStatusTheme.swift in Sources */ = {isa = PBXBuildFile; fileRef = 67E7C1B5303CE54400966E44 /* PlaytestStatusTheme.swift */; };
		A10000000000000000000001 /* PlaytestFamicomWarsRules.swift in Sources */ = {isa = PBXBuildFile; fileRef = A20000000000000000000001 /* PlaytestFamicomWarsRules.swift */; };
		A10000000000000000000002 /* PlaytestSuperFamicomWarsRules.swift in Sources */ = {isa = PBXBuildFile; fileRef = A20000000000000000000002 /* PlaytestSuperFamicomWarsRules.swift */; };
		A10000000000000000000003 /* PlaytestGameBoyWarsRules.swift in Sources */ = {isa = PBXBuildFile; fileRef = A20000000000000000000003 /* PlaytestGameBoyWarsRules.swift */; };
		A10000000000000000000004 /* PlaytestDaysOfRuinRules.swift in Sources */ = {isa = PBXBuildFile; fileRef = A20000000000000000000004 /* PlaytestDaysOfRuinRules.swift */; };
		C10000000000000000000002 /* PlaytestStatusPanel.swift in Sources */ = {isa = PBXBuildFile; fileRef = C20000000000000000000002 /* PlaytestStatusPanel.swift */; };
		D10000000000000000000001 /* PlaytestEraButtonStyle.swift in Sources */ = {isa = PBXBuildFile; fileRef = D20000000000000000000001 /* PlaytestEraButtonStyle.swift */; };
		D10000000000000000000002 /* PlaytestEraMeter.swift in Sources */ = {isa = PBXBuildFile; fileRef = D20000000000000000000002 /* PlaytestEraMeter.swift */; };
		E10000000000000000000001 /* NativeUI.swift in Sources */ = {isa = PBXBuildFile; fileRef = E20000000000000000000001 /* NativeUI.swift */; };
		F10000000000000000000001 /* PlaytestFrameTheme.swift in Sources */ = {isa = PBXBuildFile; fileRef = F20000000000000000000001 /* PlaytestFrameTheme.swift */; };
		F30000000000000000000001 /* Fonts in Resources */ = {isa = PBXBuildFile; fileRef = F40000000000000000000001 /* Fonts */; };
		G30000000000000000000001 /* PlaytestFontCatalog.swift in Sources */ = {isa = PBXBuildFile; fileRef = G40000000000000000000001 /* PlaytestFontCatalog.swift */; };
		H10000000000000000000001 /* PlaytestLegacyControls.swift in Sources */ = {isa = PBXBuildFile; fileRef = H20000000000000000000001 /* PlaytestLegacyControls.swift */; };
		673ACA33303DE9E6003112C6 /* BGM in Resources */ = {isa = PBXBuildFile; fileRef = 673ACA33303DE9E6003112C5 /* BGM */; };
/* End PBXBuildFile section */

/* Begin PBXContainerItemProxy section */
		000000000000000000007001 /* PBXContainerItemProxy */ = {
			isa = PBXContainerItemProxy;
			containerPortal = 000000000000000000000010 /* Project object */;
			proxyType = 1;
			remoteGlobalIDString = 000000000000000000000301;
			remoteInfo = AWEDCore;
		};
		000000000000000000007002 /* PBXContainerItemProxy */ = {
			isa = PBXContainerItemProxy;
			containerPortal = 000000000000000000000010 /* Project object */;
			proxyType = 1;
			remoteGlobalIDString = 000000000000000000000301;
			remoteInfo = AWEDCore;
		};
/* End PBXContainerItemProxy section */

/* Begin PBXFileReference section */
		000000000000000000001001 /* AWConstants.swift */ = {isa = PBXFileReference; lastKnownFileType = sourcecode.swift; path = AWConstants.swift; sourceTree = "<group>"; };
		000000000000000000001002 /* Element.swift */ = {isa = PBXFileReference; lastKnownFileType = sourcecode.swift; path = Element.swift; sourceTree = "<group>"; };
		000000000000000000001003 /* MapFileCodec.swift */ = {isa = PBXFileReference; lastKnownFileType = sourcecode.swift; path = MapFileCodec.swift; sourceTree = "<group>"; };
		000000000000000000001004 /* MapFragment.swift */ = {isa = PBXFileReference; lastKnownFileType = sourcecode.swift; path = MapFragment.swift; sourceTree = "<group>"; };
		000000000000000000001005 /* MapState.swift */ = {isa = PBXFileReference; lastKnownFileType = sourcecode.swift; path = MapState.swift; sourceTree = "<group>"; };
		000000000000000000001010 /* AWEDApp.swift */ = {isa = PBXFileReference; lastKnownFileType = sourcecode.swift; path = AWEDApp.swift; sourceTree = "<group>"; };
		000000000000000000001011 /* AWEDCommands.swift */ = {isa = PBXFileReference; lastKnownFileType = sourcecode.swift; path = AWEDCommands.swift; sourceTree = "<group>"; };
		000000000000000000001012 /* BackgroundMusic.swift */ = {isa = PBXFileReference; lastKnownFileType = sourcecode.swift; path = BackgroundMusic.swift; sourceTree = "<group>"; };
		G20000000000000000000001 /* PlaytestMusic.swift */ = {isa = PBXFileReference; lastKnownFileType = sourcecode.swift; path = PlaytestMusic.swift; sourceTree = "<group>"; };
		000000000000000000001013 /* ContentView.swift */ = {isa = PBXFileReference; lastKnownFileType = sourcecode.swift; path = ContentView.swift; sourceTree = "<group>"; };
		000000000000000000001014 /* CursorAtlas.swift */ = {isa = PBXFileReference; lastKnownFileType = sourcecode.swift; path = CursorAtlas.swift; sourceTree = "<group>"; };
		000000000000000000001015 /* DialogViews.swift */ = {isa = PBXFileReference; lastKnownFileType = sourcecode.swift; path = DialogViews.swift; sourceTree = "<group>"; };
		000000000000000000001016 /* EditorModel.swift */ = {isa = PBXFileReference; lastKnownFileType = sourcecode.swift; path = EditorModel.swift; sourceTree = "<group>"; };
		000000000000000000001017 /* EditorPreferences.swift */ = {isa = PBXFileReference; lastKnownFileType = sourcecode.swift; path = EditorPreferences.swift; sourceTree = "<group>"; };
		000000000000000000001018 /* EditorToolbar.swift */ = {isa = PBXFileReference; lastKnownFileType = sourcecode.swift; path = EditorToolbar.swift; sourceTree = "<group>"; };
		000000000000000000001019 /* EditorTypes.swift */ = {isa = PBXFileReference; lastKnownFileType = sourcecode.swift; path = EditorTypes.swift; sourceTree = "<group>"; };
		00000000000000000000101A /* FilePanelService.swift */ = {isa = PBXFileReference; lastKnownFileType = sourcecode.swift; path = FilePanelService.swift; sourceTree = "<group>"; };
		00000000000000000000101B /* MapCanvasInput.swift */ = {isa = PBXFileReference; lastKnownFileType = sourcecode.swift; path = MapCanvasInput.swift; sourceTree = "<group>"; };
		00000000000000000000101C /* MapCanvasView.swift */ = {isa = PBXFileReference; lastKnownFileType = sourcecode.swift; path = MapCanvasView.swift; sourceTree = "<group>"; };
		00000000000000000000101D /* PaletteCatalog.swift */ = {isa = PBXFileReference; lastKnownFileType = sourcecode.swift; path = PaletteCatalog.swift; sourceTree = "<group>"; };
		00000000000000000000101E /* PaletteView.swift */ = {isa = PBXFileReference; lastKnownFileType = sourcecode.swift; path = PaletteView.swift; sourceTree = "<group>"; };
		00000000000000000000101F /* SpriteAtlas.swift */ = {isa = PBXFileReference; lastKnownFileType = sourcecode.swift; path = SpriteAtlas.swift; sourceTree = "<group>"; };
		000000000000000000001020 /* StatusBarView.swift */ = {isa = PBXFileReference; lastKnownFileType = sourcecode.swift; path = StatusBarView.swift; sourceTree = "<group>"; };
		000000000000000000001025 /* PrivacyPolicyView.swift */ = {isa = PBXFileReference; lastKnownFileType = sourcecode.swift; path = PrivacyPolicyView.swift; sourceTree = "<group>"; };
		000000000000000000001030 /* MapCoreTests.swift */ = {isa = PBXFileReference; lastKnownFileType = sourcecode.swift; path = MapCoreTests.swift; sourceTree = "<group>"; };
		000000000000000000001040 /* AppIcon.icon */ = {isa = PBXFileReference; lastKnownFileType = folder.iconcomposer.icon; path = AppIcon.icon; sourceTree = "<group>"; };
		000000000000000000001050 /* building_0.png */ = {isa = PBXFileReference; lastKnownFileType = image.png; path = building_0.png; sourceTree = "<group>"; };
		000000000000000000001051 /* building_1.png */ = {isa = PBXFileReference; lastKnownFileType = image.png; path = building_1.png; sourceTree = "<group>"; };
		000000000000000000001052 /* building_2.png */ = {isa = PBXFileReference; lastKnownFileType = image.png; path = building_2.png; sourceTree = "<group>"; };
		000000000000000000001053 /* building_3.png */ = {isa = PBXFileReference; lastKnownFileType = image.png; path = building_3.png; sourceTree = "<group>"; };
		000000000000000000001054 /* building_4.png */ = {isa = PBXFileReference; lastKnownFileType = image.png; path = building_4.png; sourceTree = "<group>"; };
		000000000000000000001055 /* building_5.png */ = {isa = PBXFileReference; lastKnownFileType = image.png; path = building_5.png; sourceTree = "<group>"; };
		000000000000000000001056 /* extra_0.png */ = {isa = PBXFileReference; lastKnownFileType = image.png; path = extra_0.png; sourceTree = "<group>"; };
		000000000000000000001057 /* extra_1.png */ = {isa = PBXFileReference; lastKnownFileType = image.png; path = extra_1.png; sourceTree = "<group>"; };
		000000000000000000001058 /* extra_2.png */ = {isa = PBXFileReference; lastKnownFileType = image.png; path = extra_2.png; sourceTree = "<group>"; };
		000000000000000000001059 /* extra_3.png */ = {isa = PBXFileReference; lastKnownFileType = image.png; path = extra_3.png; sourceTree = "<group>"; };
		00000000000000000000105A /* extra_4.png */ = {isa = PBXFileReference; lastKnownFileType = image.png; path = extra_4.png; sourceTree = "<group>"; };
		00000000000000000000105B /* extra_5.png */ = {isa = PBXFileReference; lastKnownFileType = image.png; path = extra_5.png; sourceTree = "<group>"; };
		00000000000000000000105C /* misc_0.png */ = {isa = PBXFileReference; lastKnownFileType = image.png; path = misc_0.png; sourceTree = "<group>"; };
		00000000000000000000105D /* misc_4.png */ = {isa = PBXFileReference; lastKnownFileType = image.png; path = misc_4.png; sourceTree = "<group>"; };
		00000000000000000000105E /* misc_5.png */ = {isa = PBXFileReference; lastKnownFileType = image.png; path = misc_5.png; sourceTree = "<group>"; };
		0000000000000000000010AC /* misc_6.png */ = {isa = PBXFileReference; lastKnownFileType = image.png; path = misc_6.png; sourceTree = "<group>"; };
		0000000000000000000010AD /* misc_7.png */ = {isa = PBXFileReference; lastKnownFileType = image.png; path = misc_7.png; sourceTree = "<group>"; };
		0000000000000000000010AE /* misc_8.png */ = {isa = PBXFileReference; lastKnownFileType = image.png; path = misc_8.png; sourceTree = "<group>"; };
		0000000000000000000010AF /* misc_9.png */ = {isa = PBXFileReference; lastKnownFileType = image.png; path = misc_9.png; sourceTree = "<group>"; };
		0000000000000000000010B0 /* misc_10.png */ = {isa = PBXFileReference; lastKnownFileType = image.png; path = misc_10.png; sourceTree = "<group>"; };
		0000000000000000000010B1 /* misc_11.png */ = {isa = PBXFileReference; lastKnownFileType = image.png; path = misc_11.png; sourceTree = "<group>"; };
		00000000000000000000105F /* terrain_0.png */ = {isa = PBXFileReference; lastKnownFileType = image.png; path = terrain_0.png; sourceTree = "<group>"; };
		000000000000000000001060 /* terrain_1.png */ = {isa = PBXFileReference; lastKnownFileType = image.png; path = terrain_1.png; sourceTree = "<group>"; };
		000000000000000000001061 /* terrain_2.png */ = {isa = PBXFileReference; lastKnownFileType = image.png; path = terrain_2.png; sourceTree = "<group>"; };
		000000000000000000001062 /* terrain_3.png */ = {isa = PBXFileReference; lastKnownFileType = image.png; path = terrain_3.png; sourceTree = "<group>"; };
		000000000000000000001063 /* terrain_4.png */ = {isa = PBXFileReference; lastKnownFileType = image.png; path = terrain_4.png; sourceTree = "<group>"; };
		000000000000000000001064 /* terrain_5.png */ = {isa = PBXFileReference; lastKnownFileType = image.png; path = terrain_5.png; sourceTree = "<group>"; };
		000000000000000000001065 /* unit_0.png */ = {isa = PBXFileReference; lastKnownFileType = image.png; path = unit_0.png; sourceTree = "<group>"; };
		000000000000000000001066 /* unit_1.png */ = {isa = PBXFileReference; lastKnownFileType = image.png; path = unit_1.png; sourceTree = "<group>"; };
		000000000000000000001067 /* unit_2.png */ = {isa = PBXFileReference; lastKnownFileType = image.png; path = unit_2.png; sourceTree = "<group>"; };
		000000000000000000001068 /* unit_3.png */ = {isa = PBXFileReference; lastKnownFileType = image.png; path = unit_3.png; sourceTree = "<group>"; };
		000000000000000000001069 /* unit_4.png */ = {isa = PBXFileReference; lastKnownFileType = image.png; path = unit_4.png; sourceTree = "<group>"; };
		00000000000000000000106A /* unit_5.png */ = {isa = PBXFileReference; lastKnownFileType = image.png; path = unit_5.png; sourceTree = "<group>"; };
		000000000000000000001073 /* PlaytestView.swift */ = {isa = PBXFileReference; lastKnownFileType = sourcecode.swift; path = PlaytestView.swift; sourceTree = "<group>"; };
		000000000000000000001074 /* PlaytestDualStrikeRules.swift */ = {isa = PBXFileReference; lastKnownFileType = sourcecode.swift; path = PlaytestDualStrikeRules.swift; sourceTree = "<group>"; };
		000000000000000000001075 /* PlaytestRules.swift */ = {isa = PBXFileReference; lastKnownFileType = sourcecode.swift; path = PlaytestRules.swift; sourceTree = "<group>"; };
		000000000000000000001076 /* PlaytestAdvanceWars2Rules.swift */ = {isa = PBXFileReference; lastKnownFileType = sourcecode.swift; path = PlaytestAdvanceWars2Rules.swift; sourceTree = "<group>"; };
		000000000000000000001077 /* PlaytestAdvanceWarsRules.swift */ = {isa = PBXFileReference; lastKnownFileType = sourcecode.swift; path = PlaytestAdvanceWarsRules.swift; sourceTree = "<group>"; };
		000000000000000000001078 /* terrain_aw1_rain.png */ = {isa = PBXFileReference; lastKnownFileType = image.png; path = terrain_aw1_rain.png; sourceTree = "<group>"; };
		000000000000000000001079 /* terrain_aw1_snow.png */ = {isa = PBXFileReference; lastKnownFileType = image.png; path = terrain_aw1_snow.png; sourceTree = "<group>"; };
		00000000000000000000107A /* terrain_aw2_rain.png */ = {isa = PBXFileReference; lastKnownFileType = image.png; path = terrain_aw2_rain.png; sourceTree = "<group>"; };
		00000000000000000000107B /* terrain_aw2_snow.png */ = {isa = PBXFileReference; lastKnownFileType = image.png; path = terrain_aw2_snow.png; sourceTree = "<group>"; };
		00000000000000000000107C /* PlaytestWeatherOverlay.swift */ = {isa = PBXFileReference; lastKnownFileType = sourcecode.swift; path = PlaytestWeatherOverlay.swift; sourceTree = "<group>"; };
		000000000000000000001080 /* building_6.png */ = {isa = PBXFileReference; lastKnownFileType = image.png; path = building_6.png; sourceTree = "<group>"; };
		000000000000000000001081 /* building_7.png */ = {isa = PBXFileReference; lastKnownFileType = image.png; path = building_7.png; sourceTree = "<group>"; };
		000000000000000000001084 /* terrain_6.png */ = {isa = PBXFileReference; lastKnownFileType = image.png; path = terrain_6.png; sourceTree = "<group>"; };
		000000000000000000001085 /* terrain_7.png */ = {isa = PBXFileReference; lastKnownFileType = image.png; path = terrain_7.png; sourceTree = "<group>"; };
		000000000000000000001086 /* unit_6.png */ = {isa = PBXFileReference; lastKnownFileType = image.png; path = unit_6.png; sourceTree = "<group>"; };
		000000000000000000001087 /* unit_7.png */ = {isa = PBXFileReference; lastKnownFileType = image.png; path = unit_7.png; sourceTree = "<group>"; };
		000000000000000000001088 /* Info.plist */ = {isa = PBXFileReference; lastKnownFileType = text.plist.xml; path = Info.plist; sourceTree = "<group>"; };
		000000000000000000001090 /* README.md */ = {isa = PBXFileReference; lastKnownFileType = net.daringfireball.markdown; path = README.md; sourceTree = "<group>"; };
		000000000000000000001091 /* LICENSE.md */ = {isa = PBXFileReference; lastKnownFileType = net.daringfireball.markdown; path = LICENSE.md; sourceTree = "<group>"; };
		000000000000000000001092 /* PlaytestSession.swift */ = {isa = PBXFileReference; lastKnownFileType = sourcecode.swift; path = PlaytestSession.swift; sourceTree = "<group>"; };
		000000000000000000001093 /* PlaytestHeader.swift */ = {isa = PBXFileReference; lastKnownFileType = sourcecode.swift; path = PlaytestHeader.swift; sourceTree = "<group>"; };
		000000000000000000001094 /* PlaytestMapViews.swift */ = {isa = PBXFileReference; lastKnownFileType = sourcecode.swift; path = PlaytestMapViews.swift; sourceTree = "<group>"; };
		000000000000000000001095 /* PlaytestInteractionLayer.swift */ = {isa = PBXFileReference; lastKnownFileType = sourcecode.swift; path = PlaytestInteractionLayer.swift; sourceTree = "<group>"; };
		000000000000000000001096 /* PlaytestInspector.swift */ = {isa = PBXFileReference; lastKnownFileType = sourcecode.swift; path = PlaytestInspector.swift; sourceTree = "<group>"; };
		0000000000000000000010A0 /* building_8.png */ = {isa = PBXFileReference; lastKnownFileType = image.png; path = building_8.png; sourceTree = "<group>"; };
		0000000000000000000010A1 /* building_9.png */ = {isa = PBXFileReference; lastKnownFileType = image.png; path = building_9.png; sourceTree = "<group>"; };
		0000000000000000000010A2 /* building_10.png */ = {isa = PBXFileReference; lastKnownFileType = image.png; path = building_10.png; sourceTree = "<group>"; };
		0000000000000000000010A3 /* building_11.png */ = {isa = PBXFileReference; lastKnownFileType = image.png; path = building_11.png; sourceTree = "<group>"; };
		0000000000000000000010A4 /* terrain_8.png */ = {isa = PBXFileReference; lastKnownFileType = image.png; path = terrain_8.png; sourceTree = "<group>"; };
		0000000000000000000010A5 /* terrain_9.png */ = {isa = PBXFileReference; lastKnownFileType = image.png; path = terrain_9.png; sourceTree = "<group>"; };
		0000000000000000000010A6 /* terrain_10.png */ = {isa = PBXFileReference; lastKnownFileType = image.png; path = terrain_10.png; sourceTree = "<group>"; };
		0000000000000000000010A7 /* terrain_11.png */ = {isa = PBXFileReference; lastKnownFileType = image.png; path = terrain_11.png; sourceTree = "<group>"; };
		0000000000000000000010A8 /* unit_8.png */ = {isa = PBXFileReference; lastKnownFileType = image.png; path = unit_8.png; sourceTree = "<group>"; };
		0000000000000000000010A9 /* unit_9.png */ = {isa = PBXFileReference; lastKnownFileType = image.png; path = unit_9.png; sourceTree = "<group>"; };
		0000000000000000000010AA /* unit_10.png */ = {isa = PBXFileReference; lastKnownFileType = image.png; path = unit_10.png; sourceTree = "<group>"; };
		0000000000000000000010AB /* unit_11.png */ = {isa = PBXFileReference; lastKnownFileType = image.png; path = unit_11.png; sourceTree = "<group>"; };
		000000000000000000001101 /* AW Map Editor.app */ = {isa = PBXFileReference; explicitFileType = wrapper.application; includeInIndex = 0; path = "AW Map Editor.app"; sourceTree = BUILT_PRODUCTS_DIR; };
		000000000000000000001102 /* libAWEDCore.a */ = {isa = PBXFileReference; explicitFileType = archive.ar; includeInIndex = 0; path = libAWEDCore.a; sourceTree = BUILT_PRODUCTS_DIR; };
		000000000000000000001103 /* AWEDCoreTests.xctest */ = {isa = PBXFileReference; explicitFileType = wrapper.cfbundle; includeInIndex = 0; path = AWEDCoreTests.xctest; sourceTree = BUILT_PRODUCTS_DIR; };
		67803C6130360302005182A2 /* Assets.xcassets */ = {isa = PBXFileReference; lastKnownFileType = folder.assetcatalog; path = Assets.xcassets; sourceTree = "<group>"; };
		67E7C1B5303CE54400966E44 /* PlaytestStatusTheme.swift */ = {isa = PBXFileReference; lastKnownFileType = sourcecode.swift; path = PlaytestStatusTheme.swift; sourceTree = "<group>"; };
		A20000000000000000000001 /* PlaytestFamicomWarsRules.swift */ = {isa = PBXFileReference; lastKnownFileType = sourcecode.swift; path = PlaytestFamicomWarsRules.swift; sourceTree = "<group>"; };
		A20000000000000000000002 /* PlaytestSuperFamicomWarsRules.swift */ = {isa = PBXFileReference; lastKnownFileType = sourcecode.swift; path = PlaytestSuperFamicomWarsRules.swift; sourceTree = "<group>"; };
		A20000000000000000000003 /* PlaytestGameBoyWarsRules.swift */ = {isa = PBXFileReference; lastKnownFileType = sourcecode.swift; path = PlaytestGameBoyWarsRules.swift; sourceTree = "<group>"; };
		A20000000000000000000004 /* PlaytestDaysOfRuinRules.swift */ = {isa = PBXFileReference; lastKnownFileType = sourcecode.swift; path = PlaytestDaysOfRuinRules.swift; sourceTree = "<group>"; };
		C20000000000000000000002 /* PlaytestStatusPanel.swift */ = {isa = PBXFileReference; lastKnownFileType = sourcecode.swift; path = PlaytestStatusPanel.swift; sourceTree = "<group>"; };
		D20000000000000000000001 /* PlaytestEraButtonStyle.swift */ = {isa = PBXFileReference; lastKnownFileType = sourcecode.swift; path = PlaytestEraButtonStyle.swift; sourceTree = "<group>"; };
		D20000000000000000000002 /* PlaytestEraMeter.swift */ = {isa = PBXFileReference; lastKnownFileType = sourcecode.swift; path = PlaytestEraMeter.swift; sourceTree = "<group>"; };
		E20000000000000000000001 /* NativeUI.swift */ = {isa = PBXFileReference; lastKnownFileType = sourcecode.swift; path = NativeUI.swift; sourceTree = "<group>"; };
		F20000000000000000000001 /* PlaytestFrameTheme.swift */ = {isa = PBXFileReference; lastKnownFileType = sourcecode.swift; path = PlaytestFrameTheme.swift; sourceTree = "<group>"; };
		F40000000000000000000001 /* Fonts */ = {isa = PBXFileReference; lastKnownFileType = folder; path = Fonts; sourceTree = "<group>"; };
		G40000000000000000000001 /* PlaytestFontCatalog.swift */ = {isa = PBXFileReference; lastKnownFileType = sourcecode.swift; path = PlaytestFontCatalog.swift; sourceTree = "<group>"; };
		H20000000000000000000001 /* PlaytestLegacyControls.swift */ = {isa = PBXFileReference; lastKnownFileType = sourcecode.swift; path = PlaytestLegacyControls.swift; sourceTree = "<group>"; };
		673ACA33303DE9E6003112C5 /* BGM */ = {isa = PBXFileReference; lastKnownFileType = folder; path = BGM; sourceTree = "<group>"; };
/* End PBXFileReference section */

/* Begin PBXGroup section */
		000000000000000000000001 = {
			isa = PBXGroup;
			children = (
				67803C6130360302005182A2 /* Assets.xcassets */,
				000000000000000000000004 /* Sources/AWED */,
				000000000000000000000003 /* Sources/AWEDCore */,
				000000000000000000000007 /* Tests */,
				000000000000000000001090 /* README.md */,
				000000000000000000001091 /* LICENSE.md */,
				000000000000000000000002 /* Products */,
			);
			sourceTree = "<group>";
		};
		000000000000000000000002 /* Products */ = {
			isa = PBXGroup;
			children = (
				000000000000000000001101 /* AW Map Editor.app */,
				000000000000000000001102 /* libAWEDCore.a */,
				000000000000000000001103 /* AWEDCoreTests.xctest */,
			);
			name = Products;
			sourceTree = "<group>";
		};
		000000000000000000000003 /* Sources/AWEDCore */ = {
			isa = PBXGroup;
			children = (
				000000000000000000001001 /* AWConstants.swift */,
				000000000000000000001002 /* Element.swift */,
				000000000000000000001003 /* MapFileCodec.swift */,
				000000000000000000001004 /* MapFragment.swift */,
				000000000000000000001005 /* MapState.swift */,
			);
			path = Sources/AWEDCore;
			sourceTree = "<group>";
		};
		000000000000000000000004 /* Sources/AWED */ = {
			isa = PBXGroup;
			children = (
				E20000000000000000000001 /* NativeUI.swift */,
				000000000000000000001010 /* AWEDApp.swift */,
				000000000000000000001011 /* AWEDCommands.swift */,
				00000000000000000000101A /* FilePanelService.swift */,
				000000000000000000001012 /* BackgroundMusic.swift */,
				G20000000000000000000001 /* PlaytestMusic.swift */,
				000000000000000000001013 /* ContentView.swift */,
				000000000000000000001014 /* CursorAtlas.swift */,
				00000000000000000000101F /* SpriteAtlas.swift */,
				000000000000000000001015 /* DialogViews.swift */,
				000000000000000000001016 /* EditorModel.swift */,
				000000000000000000001017 /* EditorPreferences.swift */,
				000000000000000000001018 /* EditorToolbar.swift */,
				000000000000000000001019 /* EditorTypes.swift */,
				000000000000000000001025 /* PrivacyPolicyView.swift */,
				000000000000000000001073 /* PlaytestView.swift */,
				H20000000000000000000001 /* PlaytestLegacyControls.swift */,
				000000000000000000001092 /* PlaytestSession.swift */,
				000000000000000000001093 /* PlaytestHeader.swift */,
				000000000000000000001094 /* PlaytestMapViews.swift */,
				000000000000000000001095 /* PlaytestInteractionLayer.swift */,
				000000000000000000001096 /* PlaytestInspector.swift */,
				000000000000000000001074 /* PlaytestDualStrikeRules.swift */,
				000000000000000000001075 /* PlaytestRules.swift */,
				000000000000000000001076 /* PlaytestAdvanceWars2Rules.swift */,
				000000000000000000001077 /* PlaytestAdvanceWarsRules.swift */,
				A20000000000000000000001 /* PlaytestFamicomWarsRules.swift */,
				A20000000000000000000002 /* PlaytestSuperFamicomWarsRules.swift */,
				A20000000000000000000003 /* PlaytestGameBoyWarsRules.swift */,
				A20000000000000000000004 /* PlaytestDaysOfRuinRules.swift */,
				00000000000000000000107C /* PlaytestWeatherOverlay.swift */,
				67E7C1B5303CE54400966E44 /* PlaytestStatusTheme.swift */,
				C20000000000000000000002 /* PlaytestStatusPanel.swift */,
				D20000000000000000000001 /* PlaytestEraButtonStyle.swift */,
				D20000000000000000000002 /* PlaytestEraMeter.swift */,
				F20000000000000000000001 /* PlaytestFrameTheme.swift */,
				G40000000000000000000001 /* PlaytestFontCatalog.swift */,
				00000000000000000000101B /* MapCanvasInput.swift */,
				00000000000000000000101C /* MapCanvasView.swift */,
				00000000000000000000101D /* PaletteCatalog.swift */,
				00000000000000000000101E /* PaletteView.swift */,
				000000000000000000001020 /* StatusBarView.swift */,
				000000000000000000001088 /* Info.plist */,
				000000000000000000000005 /* Resources */,
			);
			path = Sources/AWED;
			sourceTree = "<group>";
		};
		000000000000000000000005 /* Resources */ = {
			isa = PBXGroup;
			children = (
				673ACA33303DE9E6003112C5 /* BGM */,
				F40000000000000000000001 /* Fonts */,
				000000000000000000001040 /* AppIcon.icon */,
				000000000000000000000006 /* Spritesheets */,
			);
			path = Resources;
			sourceTree = "<group>";
		};
		000000000000000000000006 /* Spritesheets */ = {
			isa = PBXGroup;
			children = (
				000000000000000000001050 /* building_0.png */,
				000000000000000000001051 /* building_1.png */,
				000000000000000000001052 /* building_2.png */,
				000000000000000000001053 /* building_3.png */,
				000000000000000000001054 /* building_4.png */,
				000000000000000000001055 /* building_5.png */,
				000000000000000000001080 /* building_6.png */,
				000000000000000000001081 /* building_7.png */,
				0000000000000000000010A0 /* building_8.png */,
				0000000000000000000010A1 /* building_9.png */,
				0000000000000000000010A2 /* building_10.png */,
				0000000000000000000010A3 /* building_11.png */,
				000000000000000000001056 /* extra_0.png */,
				000000000000000000001057 /* extra_1.png */,
				000000000000000000001058 /* extra_2.png */,
				000000000000000000001059 /* extra_3.png */,
				00000000000000000000105A /* extra_4.png */,
				00000000000000000000105B /* extra_5.png */,
				00000000000000000000105C /* misc_0.png */,
				00000000000000000000105D /* misc_4.png */,
				00000000000000000000105E /* misc_5.png */,
				0000000000000000000010AC /* misc_6.png */,
				0000000000000000000010AD /* misc_7.png */,
				0000000000000000000010AE /* misc_8.png */,
				0000000000000000000010AF /* misc_9.png */,
				0000000000000000000010B0 /* misc_10.png */,
				0000000000000000000010B1 /* misc_11.png */,
				00000000000000000000105F /* terrain_0.png */,
				000000000000000000001060 /* terrain_1.png */,
				000000000000000000001061 /* terrain_2.png */,
				000000000000000000001062 /* terrain_3.png */,
				000000000000000000001063 /* terrain_4.png */,
				000000000000000000001064 /* terrain_5.png */,
				000000000000000000001084 /* terrain_6.png */,
				000000000000000000001085 /* terrain_7.png */,
				0000000000000000000010A4 /* terrain_8.png */,
				0000000000000000000010A5 /* terrain_9.png */,
				0000000000000000000010A6 /* terrain_10.png */,
				0000000000000000000010A7 /* terrain_11.png */,
				000000000000000000001078 /* terrain_aw1_rain.png */,
				000000000000000000001079 /* terrain_aw1_snow.png */,
				00000000000000000000107A /* terrain_aw2_rain.png */,
				00000000000000000000107B /* terrain_aw2_snow.png */,
				000000000000000000001065 /* unit_0.png */,
				000000000000000000001066 /* unit_1.png */,
				000000000000000000001067 /* unit_2.png */,
				000000000000000000001068 /* unit_3.png */,
				000000000000000000001069 /* unit_4.png */,
				00000000000000000000106A /* unit_5.png */,
				000000000000000000001086 /* unit_6.png */,
				000000000000000000001087 /* unit_7.png */,
				0000000000000000000010A8 /* unit_8.png */,
				0000000000000000000010A9 /* unit_9.png */,
				0000000000000000000010AA /* unit_10.png */,
				0000000000000000000010AB /* unit_11.png */,
			);
			path = Spritesheets;
			sourceTree = "<group>";
		};
		000000000000000000000007 /* Tests */ = {
			isa = PBXGroup;
			children = (
				000000000000000000001030 /* MapCoreTests.swift */,
			);
			path = Tests;
			sourceTree = "<group>";
		};
/* End PBXGroup section */

/* Begin PBXNativeTarget section */
		000000000000000000000301 /* AWEDCore */ = {
			isa = PBXNativeTarget;
			buildConfigurationList = 000000000000000000000401 /* Build configuration list for PBXNativeTarget "AWEDCore" */;
			buildPhases = (
				000000000000000000000501 /* Sources */,
			);
			buildRules = (
			);
			name = AWEDCore;
			productName = AWEDCore;
			productReference = 000000000000000000001102 /* libAWEDCore.a */;
			productType = "com.apple.product-type.library.static";
		};
		000000000000000000000302 /* AW Map Editor */ = {
			isa = PBXNativeTarget;
			buildConfigurationList = 000000000000000000000404 /* Build configuration list for PBXNativeTarget "AW Map Editor" */;
			buildPhases = (
				000000000000000000000502 /* Sources */,
				000000000000000000000503 /* Resources */,
			);
			buildRules = (
			);
			dependencies = (
				000000000000000000000601 /* PBXTargetDependency */,
			);
			name = "AW Map Editor";
			productName = "AW Map Editor";
			productReference = 000000000000000000001101 /* AW Map Editor.app */;
			productType = "com.apple.product-type.application";
		};
		000000000000000000000303 /* AWEDCoreTests */ = {
			isa = PBXNativeTarget;
			buildConfigurationList = 000000000000000000000407 /* Build configuration list for PBXNativeTarget "AWEDCoreTests" */;
			buildPhases = (
				000000000000000000000505 /* Sources */,
			);
			buildRules = (
			);
			dependencies = (
				000000000000000000000602 /* PBXTargetDependency */,
			);
			name = AWEDCoreTests;
			productName = AWEDCoreTests;
			productReference = 000000000000000000001103 /* AWEDCoreTests.xctest */;
			productType = "com.apple.product-type.bundle.unit-test";
		};
/* End PBXNativeTarget section */

/* Begin PBXProject section */
		000000000000000000000010 /* Project object */ = {
			isa = PBXProject;
			attributes = {
				BuildIndependentTargetsInParallel = 1;
				LastSwiftUpdateCheck = 2700;
				LastUpgradeCheck = 2700;
				TargetAttributes = {
					000000000000000000000301 = {
						CreatedOnToolsVersion = 27.0;
					};
					000000000000000000000302 = {
						CreatedOnToolsVersion = 27.0;
					};
					000000000000000000000303 = {
						CreatedOnToolsVersion = 27.0;
						TestTargetID = 000000000000000000000301;
					};
				};
			};
			buildConfigurationList = 000000000000000000000201 /* Build configuration list for PBXProject "AW Map Editor" */;
			developmentRegion = en;
			hasScannedForEncodings = 0;
			knownRegions = (
				en,
				Base,
			);
			mainGroup = 000000000000000000000001;
			preferredProjectObjectVersion = 110;
			productRefGroup = 000000000000000000000002 /* Products */;
			projectDirPath = "";
			projectRoot = "";
			targets = (
				000000000000000000000301 /* AWEDCore */,
				000000000000000000000302 /* AW Map Editor */,
				000000000000000000000303 /* AWEDCoreTests */,
			);
		};
/* End PBXProject section */

/* Begin PBXResourcesBuildPhase section */
		000000000000000000000503 /* Resources */ = {
			isa = PBXResourcesBuildPhase;
			files = (
				000000000000000000002040 /* AppIcon.icon in Resources */,
				673ACA33303DE9E6003112C6 /* BGM in Resources */,
				F30000000000000000000001 /* Fonts in Resources */,
				000000000000000000002050 /* building_0.png in Resources */,
				000000000000000000002051 /* building_1.png in Resources */,
				000000000000000000002052 /* building_2.png in Resources */,
				000000000000000000002053 /* building_3.png in Resources */,
				000000000000000000002054 /* building_4.png in Resources */,
				000000000000000000002055 /* building_5.png in Resources */,
				000000000000000000002080 /* building_6.png in Resources */,
				000000000000000000002081 /* building_7.png in Resources */,
				000000000000000000002090 /* building_8.png in Resources */,
				000000000000000000002091 /* building_9.png in Resources */,
				000000000000000000002092 /* building_10.png in Resources */,
				000000000000000000002093 /* building_11.png in Resources */,
				000000000000000000002056 /* extra_0.png in Resources */,
				000000000000000000002057 /* extra_1.png in Resources */,
				67803C6230360302005182A2 /* Assets.xcassets in Resources */,
				000000000000000000002058 /* extra_2.png in Resources */,
				000000000000000000002059 /* extra_3.png in Resources */,
				00000000000000000000205A /* extra_4.png in Resources */,
				00000000000000000000205B /* extra_5.png in Resources */,
				00000000000000000000205C /* misc_0.png in Resources */,
				00000000000000000000205D /* misc_4.png in Resources */,
				00000000000000000000205E /* misc_5.png in Resources */,
				00000000000000000000209C /* misc_6.png in Resources */,
				00000000000000000000209D /* misc_7.png in Resources */,
				00000000000000000000209E /* misc_8.png in Resources */,
				00000000000000000000209F /* misc_9.png in Resources */,
				0000000000000000000020A0 /* misc_10.png in Resources */,
				0000000000000000000020A1 /* misc_11.png in Resources */,
				00000000000000000000205F /* terrain_0.png in Resources */,
				000000000000000000002060 /* terrain_1.png in Resources */,
				000000000000000000002061 /* terrain_2.png in Resources */,
				000000000000000000002062 /* terrain_3.png in Resources */,
				000000000000000000002063 /* terrain_4.png in Resources */,
				000000000000000000002064 /* terrain_5.png in Resources */,
				000000000000000000002084 /* terrain_6.png in Resources */,
				000000000000000000002085 /* terrain_7.png in Resources */,
				000000000000000000002094 /* terrain_8.png in Resources */,
				000000000000000000002095 /* terrain_9.png in Resources */,
				000000000000000000002096 /* terrain_10.png in Resources */,
				000000000000000000002097 /* terrain_11.png in Resources */,
				000000000000000000002078 /* terrain_aw1_rain.png in Resources */,
				000000000000000000002079 /* terrain_aw1_snow.png in Resources */,
				00000000000000000000207A /* terrain_aw2_rain.png in Resources */,
				00000000000000000000207B /* terrain_aw2_snow.png in Resources */,
				000000000000000000002065 /* unit_0.png in Resources */,
				000000000000000000002066 /* unit_1.png in Resources */,
				000000000000000000002067 /* unit_2.png in Resources */,
				000000000000000000002068 /* unit_3.png in Resources */,
				000000000000000000002069 /* unit_4.png in Resources */,
				00000000000000000000206A /* unit_5.png in Resources */,
				000000000000000000002086 /* unit_6.png in Resources */,
				000000000000000000002087 /* unit_7.png in Resources */,
				000000000000000000002098 /* unit_8.png in Resources */,
				000000000000000000002099 /* unit_9.png in Resources */,
				00000000000000000000209A /* unit_10.png in Resources */,
				00000000000000000000209B /* unit_11.png in Resources */,
			);
		};
/* End PBXResourcesBuildPhase section */

/* Begin PBXSourcesBuildPhase section */
		000000000000000000000501 /* Sources */ = {
			isa = PBXSourcesBuildPhase;
			files = (
				000000000000000000002001 /* AWConstants.swift in Sources */,
				000000000000000000002002 /* Element.swift in Sources */,
				000000000000000000002003 /* MapFileCodec.swift in Sources */,
				000000000000000000002004 /* MapFragment.swift in Sources */,
				000000000000000000002005 /* MapState.swift in Sources */,
			);
		};
		000000000000000000000502 /* Sources */ = {
			isa = PBXSourcesBuildPhase;
			files = (
				000000000000000000002010 /* AWEDApp.swift in Sources */,
				000000000000000000002011 /* AWEDCommands.swift in Sources */,
				000000000000000000002012 /* BackgroundMusic.swift in Sources */,
				G10000000000000000000001 /* PlaytestMusic.swift in Sources */,
				000000000000000000002013 /* ContentView.swift in Sources */,
				000000000000000000002014 /* CursorAtlas.swift in Sources */,
				000000000000000000002015 /* DialogViews.swift in Sources */,
				000000000000000000002016 /* EditorModel.swift in Sources */,
				000000000000000000002017 /* EditorPreferences.swift in Sources */,
				000000000000000000002018 /* EditorToolbar.swift in Sources */,
				E10000000000000000000001 /* NativeUI.swift in Sources */,
				67E7C1B6303CE54400966E44 /* PlaytestStatusTheme.swift in Sources */,
				C10000000000000000000002 /* PlaytestStatusPanel.swift in Sources */,
				D10000000000000000000001 /* PlaytestEraButtonStyle.swift in Sources */,
				D10000000000000000000002 /* PlaytestEraMeter.swift in Sources */,
				F10000000000000000000001 /* PlaytestFrameTheme.swift in Sources */,
				G30000000000000000000001 /* PlaytestFontCatalog.swift in Sources */,
				000000000000000000002025 /* PrivacyPolicyView.swift in Sources */,
				000000000000000000002019 /* EditorTypes.swift in Sources */,
				00000000000000000000201A /* FilePanelService.swift in Sources */,
				00000000000000000000201B /* MapCanvasInput.swift in Sources */,
				00000000000000000000201C /* MapCanvasView.swift in Sources */,
				00000000000000000000201D /* PaletteCatalog.swift in Sources */,
				00000000000000000000201E /* PaletteView.swift in Sources */,
				00000000000000000000201F /* SpriteAtlas.swift in Sources */,
				000000000000000000002020 /* StatusBarView.swift in Sources */,
				000000000000000000002073 /* PlaytestView.swift in Sources */,
				H10000000000000000000001 /* PlaytestLegacyControls.swift in Sources */,
				000000000000000000002088 /* PlaytestSession.swift in Sources */,
				000000000000000000002089 /* PlaytestHeader.swift in Sources */,
				00000000000000000000208A /* PlaytestMapViews.swift in Sources */,
				00000000000000000000208B /* PlaytestInteractionLayer.swift in Sources */,
				00000000000000000000208C /* PlaytestInspector.swift in Sources */,
				000000000000000000002074 /* PlaytestDualStrikeRules.swift in Sources */,
				000000000000000000002075 /* PlaytestRules.swift in Sources */,
				000000000000000000002076 /* PlaytestAdvanceWars2Rules.swift in Sources */,
				000000000000000000002077 /* PlaytestAdvanceWarsRules.swift in Sources */,
				A10000000000000000000001 /* PlaytestFamicomWarsRules.swift in Sources */,
				A10000000000000000000002 /* PlaytestSuperFamicomWarsRules.swift in Sources */,
				A10000000000000000000003 /* PlaytestGameBoyWarsRules.swift in Sources */,
				A10000000000000000000004 /* PlaytestDaysOfRuinRules.swift in Sources */,
				00000000000000000000207C /* PlaytestWeatherOverlay.swift in Sources */,
			);
		};
		000000000000000000000505 /* Sources */ = {
			isa = PBXSourcesBuildPhase;
			files = (
				000000000000000000002030 /* MapCoreTests.swift in Sources */,
			);
		};
/* End PBXSourcesBuildPhase section */

/* Begin PBXTargetDependency section */
		000000000000000000000601 /* PBXTargetDependency */ = {
			isa = PBXTargetDependency;
			target = 000000000000000000000301 /* AWEDCore */;
			targetProxy = 000000000000000000007001 /* PBXContainerItemProxy */;
		};
		000000000000000000000602 /* PBXTargetDependency */ = {
			isa = PBXTargetDependency;
			target = 000000000000000000000301 /* AWEDCore */;
			targetProxy = 000000000000000000007002 /* PBXContainerItemProxy */;
		};
/* End PBXTargetDependency section */

/* Begin XCBuildConfiguration section */
		000000000000000000000202 /* Debug configuration for PBXProject "AW Map Editor" */ = {
			isa = XCBuildConfiguration;
			buildSettings = {
				CLANG_ENABLE_MODULES = YES;
				CLANG_ENABLE_OBJC_ARC = YES;
				MACOSX_DEPLOYMENT_TARGET = 27.0;
				SWIFT_STRICT_CONCURRENCY = complete;
				SWIFT_VERSION = 6.0;
			};
			name = Debug;
		};
		000000000000000000000203 /* Release configuration for PBXProject "AW Map Editor" */ = {
			isa = XCBuildConfiguration;
			buildSettings = {
				CLANG_ENABLE_MODULES = YES;
				CLANG_ENABLE_OBJC_ARC = YES;
				MACOSX_DEPLOYMENT_TARGET = 27.0;
				SWIFT_STRICT_CONCURRENCY = complete;
				SWIFT_VERSION = 6.0;
			};
			name = Release;
		};
		000000000000000000000402 /* Debug configuration for PBXNativeTarget "AWEDCore" */ = {
			isa = XCBuildConfiguration;
			buildSettings = {
				CLANG_ENABLE_MODULES = YES;
				DEFINES_MODULE = YES;
				ENABLE_TESTABILITY = YES;
				MACOSX_DEPLOYMENT_TARGET = 27.0;
				PRODUCT_NAME = AWEDCore;
				SKIP_INSTALL = YES;
				SWIFT_STRICT_CONCURRENCY = complete;
				SWIFT_VERSION = 6.0;
			};
			name = Debug;
		};
		000000000000000000000403 /* Release configuration for PBXNativeTarget "AWEDCore" */ = {
			isa = XCBuildConfiguration;
			buildSettings = {
				CLANG_ENABLE_MODULES = YES;
				DEFINES_MODULE = YES;
				MACOSX_DEPLOYMENT_TARGET = 27.0;
				PRODUCT_NAME = AWEDCore;
				SKIP_INSTALL = YES;
				SWIFT_STRICT_CONCURRENCY = complete;
				SWIFT_VERSION = 6.0;
			};
			name = Release;
		};
		000000000000000000000405 /* Debug configuration for PBXNativeTarget "AW Map Editor" */ = {
			isa = XCBuildConfiguration;
			buildSettings = {
				ASSETCATALOG_COMPILER_APPICON_NAME = AppIcon;
				ASSETCATALOG_COMPILER_GLOBAL_ACCENT_COLOR_NAME = AccentColor;
				ASSETCATALOG_COMPILER_INCLUDE_ALL_APPICON_ASSETS = YES;
				CODE_SIGNING_ALLOWED = NO;
				CODE_SIGNING_REQUIRED = NO;
				DEVELOPMENT_ASSET_PATHS = "";
				INFOPLIST_FILE = Sources/AWED/Info.plist;
				INFOPLIST_KEY_CFBundleDisplayName = "AW Map Editor";
				MACOSX_DEPLOYMENT_TARGET = 27.0;
				MARKETING_VERSION = 1;
				OTHER_LDFLAGS = (
					"$(inherited)",
					"$(BUILT_PRODUCTS_DIR)/libAWEDCore.a",
				);
				PRODUCT_BUNDLE_IDENTIFIER = com.aw.mapeditor;
				PRODUCT_NAME = "AW Map Editor";
				SWIFT_EMIT_LOC_STRINGS = NO;
				SWIFT_STRICT_CONCURRENCY = complete;
				SWIFT_VERSION = 6.0;
			};
			name = Debug;
		};
		000000000000000000000406 /* Release configuration for PBXNativeTarget "AW Map Editor" */ = {
			isa = XCBuildConfiguration;
			buildSettings = {
				ASSETCATALOG_COMPILER_APPICON_NAME = AppIcon;
				ASSETCATALOG_COMPILER_GLOBAL_ACCENT_COLOR_NAME = AccentColor;
				ASSETCATALOG_COMPILER_INCLUDE_ALL_APPICON_ASSETS = YES;
				CODE_SIGNING_ALLOWED = NO;
				CODE_SIGNING_REQUIRED = NO;
				DEVELOPMENT_ASSET_PATHS = "";
				INFOPLIST_FILE = Sources/AWED/Info.plist;
				INFOPLIST_KEY_CFBundleDisplayName = "AW Map Editor";
				MACOSX_DEPLOYMENT_TARGET = 27.0;
				MARKETING_VERSION = 1;
				OTHER_LDFLAGS = (
					"$(inherited)",
					"$(BUILT_PRODUCTS_DIR)/libAWEDCore.a",
				);
				PRODUCT_BUNDLE_IDENTIFIER = com.aw.mapeditor;
				PRODUCT_NAME = "AW Map Editor";
				SWIFT_EMIT_LOC_STRINGS = NO;
				SWIFT_STRICT_CONCURRENCY = complete;
				SWIFT_VERSION = 6.0;
			};
			name = Release;
		};
		000000000000000000000408 /* Debug configuration for PBXNativeTarget "AWEDCoreTests" */ = {
			isa = XCBuildConfiguration;
			buildSettings = {
				CODE_SIGNING_ALLOWED = NO;
				CODE_SIGNING_REQUIRED = NO;
				GENERATE_INFOPLIST_FILE = YES;
				MACOSX_DEPLOYMENT_TARGET = 27.0;
				OTHER_LDFLAGS = (
					"$(inherited)",
					"$(BUILT_PRODUCTS_DIR)/libAWEDCore.a",
				);
				PRODUCT_BUNDLE_IDENTIFIER = com.awsmapeditor.awed.tests;
				PRODUCT_NAME = AWEDCoreTests;
				SWIFT_STRICT_CONCURRENCY = complete;
				SWIFT_VERSION = 6.0;
			};
			name = Debug;
		};
		000000000000000000000409 /* Release configuration for PBXNativeTarget "AWEDCoreTests" */ = {
			isa = XCBuildConfiguration;
			buildSettings = {
				CODE_SIGNING_ALLOWED = NO;
				CODE_SIGNING_REQUIRED = NO;
				GENERATE_INFOPLIST_FILE = YES;
				MACOSX_DEPLOYMENT_TARGET = 27.0;
				OTHER_LDFLAGS = (
					"$(inherited)",
					"$(BUILT_PRODUCTS_DIR)/libAWEDCore.a",
				);
				PRODUCT_BUNDLE_IDENTIFIER = com.awsmapeditor.awed.tests;
				PRODUCT_NAME = AWEDCoreTests;
				SWIFT_STRICT_CONCURRENCY = complete;
				SWIFT_VERSION = 6.0;
			};
			name = Release;
		};
/* End XCBuildConfiguration section */

/* Begin XCConfigurationList section */
		000000000000000000000201 /* Build configuration list for PBXProject "AW Map Editor" */ = {
			isa = XCConfigurationList;
			buildConfigurations = (
				000000000000000000000202 /* Debug configuration for PBXProject "AW Map Editor" */,
				000000000000000000000203 /* Release configuration for PBXProject "AW Map Editor" */,
			);
			defaultConfigurationName = Release;
		};
		000000000000000000000401 /* Build configuration list for PBXNativeTarget "AWEDCore" */ = {
			isa = XCConfigurationList;
			buildConfigurations = (
				000000000000000000000402 /* Debug configuration for PBXNativeTarget "AWEDCore" */,
				000000000000000000000403 /* Release configuration for PBXNativeTarget "AWEDCore" */,
			);
			defaultConfigurationName = Release;
		};
		000000000000000000000404 /* Build configuration list for PBXNativeTarget "AW Map Editor" */ = {
			isa = XCConfigurationList;
			buildConfigurations = (
				000000000000000000000405 /* Debug configuration for PBXNativeTarget "AW Map Editor" */,
				000000000000000000000406 /* Release configuration for PBXNativeTarget "AW Map Editor" */,
			);
			defaultConfigurationName = Release;
		};
		000000000000000000000407 /* Build configuration list for PBXNativeTarget "AWEDCoreTests" */ = {
			isa = XCConfigurationList;
			buildConfigurations = (
				000000000000000000000408 /* Debug configuration for PBXNativeTarget "AWEDCoreTests" */,
				000000000000000000000409 /* Release configuration for PBXNativeTarget "AWEDCoreTests" */,
			);
			defaultConfigurationName = Release;
		};
/* End XCConfigurationList section */
	};
	rootObject = 000000000000000000000010 /* Project object */;
}
